github.com/cactus/go-statsd-client v1.0.1 h1:R58kYEe8CS4Dg7zNgGi8J0nFhYIGaBvIC7SHJ1l08is=
github.com/cactus/go-statsd-client v3.2.0+incompatible h1:ZJpQV7zHnerDzsEQS1wnI38tpR7wX3QFmL7WzTerEmY=
github.com/cactus/go-statsd-client/statsd v0.0.0-20191106001114-12b4e2b38748 h1:bXxS5/Z3/dfc8iFniQfgogNBomo0u+1//9eP+jl8GVo=
github.com/cactus/go-statsd-client/statsd v0.0.0-20191106001114-12b4e2b38748/go.mod h1:l/bIBLeOl9eX+wxJAzxS4TveKRtAqlyDpHjhkfO0MEI=
